
Microsoft Visual Studio Solution File, Format Version 12.00
# Visual Studio Version 16
VisualStudioVersion = 16.0.30002.166
MinimumVisualStudioVersion = 10.0.40219.1
Project("{FAE04EC0-301F-11D3-BF4B-00C04F79EFBC}") = "CSharpLab_2A", "CSharpLab_2A.csproj", "{89023003-9F9F-4C3A-B0C4-4130FEFC73E7}"
EndProject
Global
	GlobalSection(SolutionConfigurationPlatforms) = preSolution
		Debug|Any CPU = Debug|Any CPU
		Release|Any CPU = Release|Any CPU
	EndGlobalSection
	GlobalSection(ProjectConfigurationPlatforms) = postSolution
		{89023003-9F9F-4C3A-B0C4-4130FEFC73E7}.Debug|Any CPU.ActiveCfg = Debug|Any CPU
		{89023003-9F9F-4C3A-B0C4-4130FEFC73E7}.Debug|Any CPU.Build.0 = Debug|Any CPU
		{89023003-9F9F-4C3A-B0C4-4130FEFC73E7}.Release|Any CPU.ActiveCfg = Release|Any CPU
		{89023003-9F9F-4C3A-B0C4-4130FEFC73E7}.Release|Any CPU.Build.0 = Release|Any CPU
	EndGlobalSection
	GlobalSection(SolutionProperties) = preSolution
		HideSolutionNode = FALSE
	EndGlobalSection
	GlobalSection(ExtensibilityGlobals) = postSolution
		SolutionGuid = {290C9F29-45AA-408A-B724-3D5FEEE3794F}
	EndGlobalSection
EndGlobal
